
Microsoft Visual Studio Solution File, Format Version 12.00
# Visual Studio Version 17
VisualStudioVersion = 17.0.32014.148
MinimumVisualStudioVersion = 10.0.40219.1
Project("{9A19103F-16F7-4668-BE54-9A1E7A4F7556}") = "PokemonApi", "PokemonApi\PokemonApi.csproj", "{5AC716FD-7B2C-40E5-8A14-393487DEB5D8}"
EndProject
Project("{9A19103F-16F7-4668-BE54-9A1E7A4F7556}") = "PokemonApi.UnitTests", "PokemonApi.UnitTests\PokemonApi.UnitTests.csproj", "{41388166-D961-421D-ACE8-EC637FB87505}"
EndProject
Project("{2150E333-8FDC-42A3-9474-1A3956D46DE8}") = "Solution Items", "Solution Items", "{76CFF199-D77C-4694-AD4E-8086244C784C}"
	ProjectSection(SolutionItems) = preProject
		readme.txt = readme.txt
	EndProjectSection
EndProject
Global
	GlobalSection(SolutionConfigurationPlatforms) = preSolution
		Debug|Any CPU = Debug|Any CPU
		Release|Any CPU = Release|Any CPU
	EndGlobalSection
	GlobalSection(ProjectConfigurationPlatforms) = postSolution
		{5AC716FD-7B2C-40E5-8A14-393487DEB5D8}.Debug|Any CPU.ActiveCfg = Debug|Any CPU
		{5AC716FD-7B2C-40E5-8A14-393487DEB5D8}.Debug|Any CPU.Build.0 = Debug|Any CPU
		{5AC716FD-7B2C-40E5-8A14-393487DEB5D8}.Release|Any CPU.ActiveCfg = Release|Any CPU
		{5AC716FD-7B2C-40E5-8A14-393487DEB5D8}.Release|Any CPU.Build.0 = Release|Any CPU
		{41388166-D961-421D-ACE8-EC637FB87505}.Debug|Any CPU.ActiveCfg = Debug|Any CPU
		{41388166-D961-421D-ACE8-EC637FB87505}.Debug|Any CPU.Build.0 = Debug|Any CPU
		{41388166-D961-421D-ACE8-EC637FB87505}.Release|Any CPU.ActiveCfg = Release|Any CPU
		{41388166-D961-421D-ACE8-EC637FB87505}.Release|Any CPU.Build.0 = Release|Any CPU
	EndGlobalSection
	GlobalSection(SolutionProperties) = preSolution
		HideSolutionNode = FALSE
	EndGlobalSection
	GlobalSection(ExtensibilityGlobals) = postSolution
		SolutionGuid = {A40B0E7F-1F9A-4BD2-A2A2-F59ACE7F7700}
	EndGlobalSection
EndGlobal
